
Microsoft Visual Studio Solution File, Format Version 12.00
# Visual Studio Version 17
VisualStudioVersion = 17.9.34714.143
MinimumVisualStudioVersion = 10.0.40219.1
Project("{FAE04EC0-301F-11D3-BF4B-00C04F79EFBC}") = "EventPlanningBackend", "EventPlanningBackend\EventPlanningBackend.csproj", "{C9761CC6-CDAF-41CA-B4C3-5F4179CFDD39}"
EndProject
Global
	GlobalSection(SolutionConfigurationPlatforms) = preSolution
		Debug|Any CPU = Debug|Any CPU
		Release|Any CPU = Release|Any CPU
	EndGlobalSection
	GlobalSection(ProjectConfigurationPlatforms) = postSolution
		{C9761CC6-CDAF-41CA-B4C3-5F4179CFDD39}.Debug|Any CPU.ActiveCfg = Debug|Any CPU
		{C9761CC6-CDAF-41CA-B4C3-5F4179CFDD39}.Debug|Any CPU.Build.0 = Debug|Any CPU
		{C9761CC6-CDAF-41CA-B4C3-5F4179CFDD39}.Release|Any CPU.ActiveCfg = Release|Any CPU
		{C9761CC6-CDAF-41CA-B4C3-5F4179CFDD39}.Release|Any CPU.Build.0 = Release|Any CPU
	EndGlobalSection
	GlobalSection(SolutionProperties) = preSolution
		HideSolutionNode = FALSE
	EndGlobalSection
	GlobalSection(ExtensibilityGlobals) = postSolution
		SolutionGuid = {D9DCB93C-5592-4DC2-A47A-5169F2C5C622}
	EndGlobalSection
EndGlobal
